// !$*UTF8*$!
{
	archiveVersion = 1;
	classes = {
	};
	objectVersion = 56;
	objects = {

/* Begin PBXBuildFile section */
		7244D007299EAA5D007EEC49 /* RecentTransactionList.swift in Sources */ = {isa = PBXBuildFile; fileRef = 7244D006299EAA5D007EEC49 /* RecentTransactionList.swift */; };
		7244D009299EC8EA007EEC49 /* TransactionList.swift in Sources */ = {isa = PBXBuildFile; fileRef = 7244D008299EC8EA007EEC49 /* TransactionList.swift */; };
		7244D00C299ECE29007EEC49 /* Collections in Frameworks */ = {isa = PBXBuildFile; productRef = 7244D00B299ECE29007EEC49 /* Collections */; };
		7244D00E299ECE29007EEC49 /* DequeModule in Frameworks */ = {isa = PBXBuildFile; productRef = 7244D00D299ECE29007EEC49 /* DequeModule */; };
		7244D010299ECE29007EEC49 /* OrderedCollections in Frameworks */ = {isa = PBXBuildFile; productRef = 7244D00F299ECE29007EEC49 /* OrderedCollections */; };
		7244D013299ECF56007EEC49 /* SwiftUICharts in Frameworks */ = {isa = PBXBuildFile; productRef = 7244D012299ECF56007EEC49 /* SwiftUICharts */; };
		727538B1299D960100E85DF8 /* SwiftUIFontIcon in Frameworks */ = {isa = PBXBuildFile; productRef = 727538B0299D960100E85DF8 /* SwiftUIFontIcon */; };
		727538B3299D9A4100E85DF8 /* TransactionListViewModel.swift in Sources */ = {isa = PBXBuildFile; fileRef = 727538B2299D9A4100E85DF8 /* TransactionListViewModel.swift */; };
		72B5477E299D7B4A0023A1D1 /* expense_trackerApp.swift in Sources */ = {isa = PBXBuildFile; fileRef = 72B5477D299D7B4A0023A1D1 /* expense_trackerApp.swift */; };
		72B54780299D7B4A0023A1D1 /* ContentView.swift in Sources */ = {isa = PBXBuildFile; fileRef = 72B5477F299D7B4A0023A1D1 /* ContentView.swift */; };
		72B54782299D7B4B0023A1D1 /* Assets.xcassets in Resources */ = {isa = PBXBuildFile; fileRef = 72B54781299D7B4B0023A1D1 /* Assets.xcassets */; };
		72B54786299D7B4B0023A1D1 /* Preview Assets.xcassets in Resources */ = {isa = PBXBuildFile; fileRef = 72B54785299D7B4B0023A1D1 /* Preview Assets.xcassets */; };
		72B54790299D7B4B0023A1D1 /* expense_trackerTests.swift in Sources */ = {isa = PBXBuildFile; fileRef = 72B5478F299D7B4B0023A1D1 /* expense_trackerTests.swift */; };
		72B5479A299D7B4B0023A1D1 /* expense_trackerUITests.swift in Sources */ = {isa = PBXBuildFile; fileRef = 72B54799299D7B4B0023A1D1 /* expense_trackerUITests.swift */; };
		72B5479C299D7B4B0023A1D1 /* expense_trackerUITestsLaunchTests.swift in Sources */ = {isa = PBXBuildFile; fileRef = 72B5479B299D7B4B0023A1D1 /* expense_trackerUITestsLaunchTests.swift */; };
		72B547A9299D873F0023A1D1 /* Extensions.swift in Sources */ = {isa = PBXBuildFile; fileRef = 72B547A8299D873F0023A1D1 /* Extensions.swift */; };
		72B547AB299D8BEC0023A1D1 /* TransactionModel.swift in Sources */ = {isa = PBXBuildFile; fileRef = 72B547AA299D8BEC0023A1D1 /* TransactionModel.swift */; };
		72B547AD299D8CF00023A1D1 /* PreviewData.swift in Sources */ = {isa = PBXBuildFile; fileRef = 72B547AC299D8CF00023A1D1 /* PreviewData.swift */; };
		72B547AF299D8DC80023A1D1 /* TransactionRow.swift in Sources */ = {isa = PBXBuildFile; fileRef = 72B547AE299D8DC80023A1D1 /* TransactionRow.swift */; };
/* End PBXBuildFile section */

/* Begin PBXContainerItemProxy section */
		72B5478C299D7B4B0023A1D1 /* PBXContainerItemProxy */ = {
			isa = PBXContainerItemProxy;
			containerPortal = 72B54772299D7B4A0023A1D1 /* Project object */;
			proxyType = 1;
			remoteGlobalIDString = 72B54779299D7B4A0023A1D1;
			remoteInfo = expense_tracker;
		};
		72B54796299D7B4B0023A1D1 /* PBXContainerItemProxy */ = {
			isa = PBXContainerItemProxy;
			containerPortal = 72B54772299D7B4A0023A1D1 /* Project object */;
			proxyType = 1;
			remoteGlobalIDString = 72B54779299D7B4A0023A1D1;
			remoteInfo = expense_tracker;
		};
/* End PBXContainerItemProxy section */

/* Begin PBXFileReference section */
		7244D006299EAA5D007EEC49 /* RecentTransactionList.swift */ = {isa = PBXFileReference; lastKnownFileType = sourcecode.swift; path = RecentTransactionList.swift; sourceTree = "<group>"; };
		7244D008299EC8EA007EEC49 /* TransactionList.swift */ = {isa = PBXFileReference; lastKnownFileType = sourcecode.swift; path = TransactionList.swift; sourceTree = "<group>"; };
		727538B2299D9A4100E85DF8 /* TransactionListViewModel.swift */ = {isa = PBXFileReference; lastKnownFileType = sourcecode.swift; path = TransactionListViewModel.swift; sourceTree = "<group>"; };
		72B5477A299D7B4A0023A1D1 /* expense_tracker.app */ = {isa = PBXFileReference; explicitFileType = wrapper.application; includeInIndex = 0; path = expense_tracker.app; sourceTree = BUILT_PRODUCTS_DIR; };
		72B5477D299D7B4A0023A1D1 /* expense_trackerApp.swift */ = {isa = PBXFileReference; lastKnownFileType = sourcecode.swift; path = expense_trackerApp.swift; sourceTree = "<group>"; };
		72B5477F299D7B4A0023A1D1 /* ContentView.swift */ = {isa = PBXFileReference; lastKnownFileType = sourcecode.swift; path = ContentView.swift; sourceTree = "<group>"; };
		72B54781299D7B4B0023A1D1 /* Assets.xcassets */ = {isa = PBXFileReference; lastKnownFileType = folder.assetcatalog; path = Assets.xcassets; sourceTree = "<group>"; };
		72B54783299D7B4B0023A1D1 /* expense_tracker.entitlements */ = {isa = PBXFileReference; lastKnownFileType = text.plist.entitlements; path = expense_tracker.entitlements; sourceTree = "<group>"; };
		72B54785299D7B4B0023A1D1 /* Preview Assets.xcassets */ = {isa = PBXFileReference; lastKnownFileType = folder.assetcatalog; path = "Preview Assets.xcassets"; sourceTree = "<group>"; };
		72B5478B299D7B4B0023A1D1 /* expense_trackerTests.xctest */ = {isa = PBXFileReference; explicitFileType = wrapper.cfbundle; includeInIndex = 0; path = expense_trackerTests.xctest; sourceTree = BUILT_PRODUCTS_DIR; };
		72B5478F299D7B4B0023A1D1 /* expense_trackerTests.swift */ = {isa = PBXFileReference; lastKnownFileType = sourcecode.swift; path = expense_trackerTests.swift; sourceTree = "<group>"; };
		72B54795299D7B4B0023A1D1 /* expense_trackerUITests.xctest */ = {isa = PBXFileReference; explicitFileType = wrapper.cfbundle; includeInIndex = 0; path = expense_trackerUITests.xctest; sourceTree = BUILT_PRODUCTS_DIR; };
		72B54799299D7B4B0023A1D1 /* expense_trackerUITests.swift */ = {isa = PBXFileReference; lastKnownFileType = sourcecode.swift; path = expense_trackerUITests.swift; sourceTree = "<group>"; };
		72B5479B299D7B4B0023A1D1 /* expense_trackerUITestsLaunchTests.swift */ = {isa = PBXFileReference; lastKnownFileType = sourcecode.swift; path = expense_trackerUITestsLaunchTests.swift; sourceTree = "<group>"; };
		72B547A8299D873F0023A1D1 /* Extensions.swift */ = {isa = PBXFileReference; lastKnownFileType = sourcecode.swift; path = Extensions.swift; sourceTree = "<group>"; };
		72B547AA299D8BEC0023A1D1 /* TransactionModel.swift */ = {isa = PBXFileReference; lastKnownFileType = sourcecode.swift; path = TransactionModel.swift; sourceTree = "<group>"; };
		72B547AC299D8CF00023A1D1 /* PreviewData.swift */ = {isa = PBXFileReference; lastKnownFileType = sourcecode.swift; path = PreviewData.swift; sourceTree = "<group>"; };
		72B547AE299D8DC80023A1D1 /* TransactionRow.swift */ = {isa = PBXFileReference; lastKnownFileType = sourcecode.swift; path = TransactionRow.swift; sourceTree = "<group>"; };
/* End PBXFileReference section */

/* Begin PBXFrameworksBuildPhase section */
		72B54777299D7B4A0023A1D1 /* Frameworks */ = {
			isa = PBXFrameworksBuildPhase;
			buildActionMask = 2147483647;
			files = (
				7244D00C299ECE29007EEC49 /* Collections in Frameworks */,
				727538B1299D960100E85DF8 /* SwiftUIFontIcon in Frameworks */,
				7244D010299ECE29007EEC49 /* OrderedCollections in Frameworks */,
				7244D00E299ECE29007EEC49 /* DequeModule in Frameworks */,
				7244D013299ECF56007EEC49 /* SwiftUICharts in Frameworks */,
			);
			runOnlyForDeploymentPostprocessing = 0;
		};
		72B54788299D7B4B0023A1D1 /* Frameworks */ = {
			isa = PBXFrameworksBuildPhase;
			buildActionMask = 2147483647;
			files = (
			);
			runOnlyForDeploymentPostprocessing = 0;
		};
		72B54792299D7B4B0023A1D1 /* Frameworks */ = {
			isa = PBXFrameworksBuildPhase;
			buildActionMask = 2147483647;
			files = (
			);
			runOnlyForDeploymentPostprocessing = 0;
		};
/* End PBXFrameworksBuildPhase section */

/* Begin PBXGroup section */
		72B54771299D7B4A0023A1D1 = {
			isa = PBXGroup;
			children = (
				72B5477C299D7B4A0023A1D1 /* expense_tracker */,
				72B5478E299D7B4B0023A1D1 /* expense_trackerTests */,
				72B54798299D7B4B0023A1D1 /* expense_trackerUITests */,
				72B5477B299D7B4A0023A1D1 /* Products */,
			);
			sourceTree = "<group>";
		};
		72B5477B299D7B4A0023A1D1 /* Products */ = {
			isa = PBXGroup;
			children = (
				72B5477A299D7B4A0023A1D1 /* expense_tracker.app */,
				72B5478B299D7B4B0023A1D1 /* expense_trackerTests.xctest */,
				72B54795299D7B4B0023A1D1 /* expense_trackerUITests.xctest */,
			);
			name = Products;
			sourceTree = "<group>";
		};
		72B5477C299D7B4A0023A1D1 /* expense_tracker */ = {
			isa = PBXGroup;
			children = (
				72B5477D299D7B4A0023A1D1 /* expense_trackerApp.swift */,
				72B5477F299D7B4A0023A1D1 /* ContentView.swift */,
				7244D008299EC8EA007EEC49 /* TransactionList.swift */,
				7244D006299EAA5D007EEC49 /* RecentTransactionList.swift */,
				72B547AE299D8DC80023A1D1 /* TransactionRow.swift */,
				727538B2299D9A4100E85DF8 /* TransactionListViewModel.swift */,
				72B547AA299D8BEC0023A1D1 /* TransactionModel.swift */,
				72B54781299D7B4B0023A1D1 /* Assets.xcassets */,
				72B54783299D7B4B0023A1D1 /* expense_tracker.entitlements */,
				72B54784299D7B4B0023A1D1 /* Preview Content */,
				72B547A8299D873F0023A1D1 /* Extensions.swift */,
			);
			path = expense_tracker;
			sourceTree = "<group>";
		};
		72B54784299D7B4B0023A1D1 /* Preview Content */ = {
			isa = PBXGroup;
			children = (
				72B54785299D7B4B0023A1D1 /* Preview Assets.xcassets */,
				72B547AC299D8CF00023A1D1 /* PreviewData.swift */,
			);
			path = "Preview Content";
			sourceTree = "<group>";
		};
		72B5478E299D7B4B0023A1D1 /* expense_trackerTests */ = {
			isa = PBXGroup;
			children = (
				72B5478F299D7B4B0023A1D1 /* expense_trackerTests.swift */,
			);
			path = expense_trackerTests;
			sourceTree = "<group>";
		};
		72B54798299D7B4B0023A1D1 /* expense_trackerUITests */ = {
			isa = PBXGroup;
			children = (
				72B54799299D7B4B0023A1D1 /* expense_trackerUITests.swift */,
				72B5479B299D7B4B0023A1D1 /* expense_trackerUITestsLaunchTests.swift */,
			);
			path = expense_trackerUITests;
			sourceTree = "<group>";
		};
/* End PBXGroup section */

/* Begin PBXNativeTarget section */
		72B54779299D7B4A0023A1D1 /* expense_tracker */ = {
			isa = PBXNativeTarget;
			buildConfigurationList = 72B5479F299D7B4B0023A1D1 /* Build configuration list for PBXNativeTarget "expense_tracker" */;
			buildPhases = (
				72B54776299D7B4A0023A1D1 /* Sources */,
				72B54777299D7B4A0023A1D1 /* Frameworks */,
				72B54778299D7B4A0023A1D1 /* Resources */,
			);
			buildRules = (
			);
			dependencies = (
			);
			name = expense_tracker;
			packageProductDependencies = (
				727538B0299D960100E85DF8 /* SwiftUIFontIcon */,
				7244D00B299ECE29007EEC49 /* Collections */,
				7244D00D299ECE29007EEC49 /* DequeModule */,
				7244D00F299ECE29007EEC49 /* OrderedCollections */,
				7244D012299ECF56007EEC49 /* SwiftUICharts */,
			);
			productName = expense_tracker;
			productReference = 72B5477A299D7B4A0023A1D1 /* expense_tracker.app */;
			productType = "com.apple.product-type.application";
		};
		72B5478A299D7B4B0023A1D1 /* expense_trackerTests */ = {
			isa = PBXNativeTarget;
			buildConfigurationList = 72B547A2299D7B4B0023A1D1 /* Build configuration list for PBXNativeTarget "expense_trackerTests" */;
			buildPhases = (
				72B54787299D7B4B0023A1D1 /* Sources */,
				72B54788299D7B4B0023A1D1 /* Frameworks */,
				72B54789299D7B4B0023A1D1 /* Resources */,
			);
			buildRules = (
			);
			dependencies = (
				72B5478D299D7B4B0023A1D1 /* PBXTargetDependency */,
			);
			name = expense_trackerTests;
			productName = expense_trackerTests;
			productReference = 72B5478B299D7B4B0023A1D1 /* expense_trackerTests.xctest */;
			productType = "com.apple.product-type.bundle.unit-test";
		};
		72B54794299D7B4B0023A1D1 /* expense_trackerUITests */ = {
			isa = PBXNativeTarget;
			buildConfigurationList = 72B547A5299D7B4B0023A1D1 /* Build configuration list for PBXNativeTarget "expense_trackerUITests" */;
			buildPhases = (
				72B54791299D7B4B0023A1D1 /* Sources */,
				72B54792299D7B4B0023A1D1 /* Frameworks */,
				72B54793299D7B4B0023A1D1 /* Resources */,
			);
			buildRules = (
			);
			dependencies = (
				72B54797299D7B4B0023A1D1 /* PBXTargetDependency */,
			);
			name = expense_trackerUITests;
			productName = expense_trackerUITests;
			productReference = 72B54795299D7B4B0023A1D1 /* expense_trackerUITests.xctest */;
			productType = "com.apple.product-type.bundle.ui-testing";
		};
/* End PBXNativeTarget section */

/* Begin PBXProject section */
		72B54772299D7B4A0023A1D1 /* Project object */ = {
			isa = PBXProject;
			attributes = {
				BuildIndependentTargetsInParallel = 1;
				LastSwiftUpdateCheck = 1420;
				LastUpgradeCheck = 1420;
				TargetAttributes = {
					72B54779299D7B4A0023A1D1 = {
						CreatedOnToolsVersion = 14.2;
					};
					72B5478A299D7B4B0023A1D1 = {
						CreatedOnToolsVersion = 14.2;
						TestTargetID = 72B54779299D7B4A0023A1D1;
					};
					72B54794299D7B4B0023A1D1 = {
						CreatedOnToolsVersion = 14.2;
						TestTargetID = 72B54779299D7B4A0023A1D1;
					};
				};
			};
			buildConfigurationList = 72B54775299D7B4A0023A1D1 /* Build configuration list for PBXProject "expense_tracker" */;
			compatibilityVersion = "Xcode 14.0";
			developmentRegion = en;
			hasScannedForEncodings = 0;
			knownRegions = (
				en,
				Base,
			);
			mainGroup = 72B54771299D7B4A0023A1D1;
			packageReferences = (
				727538AF299D960100E85DF8 /* XCRemoteSwiftPackageReference "SwiftUIFontIcon" */,
				7244D00A299ECE29007EEC49 /* XCRemoteSwiftPackageReference "swift-collections" */,
				7244D011299ECF56007EEC49 /* XCRemoteSwiftPackageReference "ChartView" */,
			);
			productRefGroup = 72B5477B299D7B4A0023A1D1 /* Products */;
			projectDirPath = "";
			projectRoot = "";
			targets = (
				72B54779299D7B4A0023A1D1 /* expense_tracker */,
				72B5478A299D7B4B0023A1D1 /* expense_trackerTests */,
				72B54794299D7B4B0023A1D1 /* expense_trackerUITests */,
			);
		};
/* End PBXProject section */

/* Begin PBXResourcesBuildPhase section */
		72B54778299D7B4A0023A1D1 /* Resources */ = {
			isa = PBXResourcesBuildPhase;
			buildActionMask = 2147483647;
			files = (
				72B54786299D7B4B0023A1D1 /* Preview Assets.xcassets in Resources */,
				72B54782299D7B4B0023A1D1 /* Assets.xcassets in Resources */,
			);
			runOnlyForDeploymentPostprocessing = 0;
		};
		72B54789299D7B4B0023A1D1 /* Resources */ = {
			isa = PBXResourcesBuildPhase;
			buildActionMask = 2147483647;
			files = (
			);
			runOnlyForDeploymentPostprocessing = 0;
		};
		72B54793299D7B4B0023A1D1 /* Resources */ = {
			isa = PBXResourcesBuildPhase;
			buildActionMask = 2147483647;
			files = (
			);
			runOnlyForDeploymentPostprocessing = 0;
		};
/* End PBXResourcesBuildPhase section */

/* Begin PBXSourcesBuildPhase section */
		72B54776299D7B4A0023A1D1 /* Sources */ = {
			isa = PBXSourcesBuildPhase;
			buildActionMask = 2147483647;
			files = (
				72B547AD299D8CF00023A1D1 /* PreviewData.swift in Sources */,
				7244D009299EC8EA007EEC49 /* TransactionList.swift in Sources */,
				7244D007299EAA5D007EEC49 /* RecentTransactionList.swift in Sources */,
				72B547AB299D8BEC0023A1D1 /* TransactionModel.swift in Sources */,
				72B54780299D7B4A0023A1D1 /* ContentView.swift in Sources */,
				72B547AF299D8DC80023A1D1 /* TransactionRow.swift in Sources */,
				72B547A9299D873F0023A1D1 /* Extensions.swift in Sources */,
				727538B3299D9A4100E85DF8 /* TransactionListViewModel.swift in Sources */,
				72B5477E299D7B4A0023A1D1 /* expense_trackerApp.swift in Sources */,
			);
			runOnlyForDeploymentPostprocessing = 0;
		};
		72B54787299D7B4B0023A1D1 /* Sources */ = {
			isa = PBXSourcesBuildPhase;
			buildActionMask = 2147483647;
			files = (
				72B54790299D7B4B0023A1D1 /* expense_trackerTests.swift in Sources */,
			);
			runOnlyForDeploymentPostprocessing = 0;
		};
		72B54791299D7B4B0023A1D1 /* Sources */ = {
			isa = PBXSourcesBuildPhase;
			buildActionMask = 2147483647;
			files = (
				72B5479C299D7B4B0023A1D1 /* expense_trackerUITestsLaunchTests.swift in Sources */,
				72B5479A299D7B4B0023A1D1 /* expense_trackerUITests.swift in Sources */,
			);
			runOnlyForDeploymentPostprocessing = 0;
		};
/* End PBXSourcesBuildPhase section */

/* Begin PBXTargetDependency section */
		72B5478D299D7B4B0023A1D1 /* PBXTargetDependency */ = {
			isa = PBXTargetDependency;
			target = 72B54779299D7B4A0023A1D1 /* expense_tracker */;
			targetProxy = 72B5478C299D7B4B0023A1D1 /* PBXContainerItemProxy */;
		};
		72B54797299D7B4B0023A1D1 /* PBXTargetDependency */ = {
			isa = PBXTargetDependency;
			target = 72B54779299D7B4A0023A1D1 /* expense_tracker */;
			targetProxy = 72B54796299D7B4B0023A1D1 /* PBXContainerItemProxy */;
		};
/* End PBXTargetDependency section */

/* Begin XCBuildConfiguration section */
		72B5479D299D7B4B0023A1D1 /* Debug */ = {
			isa = XCBuildConfiguration;
			buildSettings = {
				ALWAYS_SEARCH_USER_PATHS = NO;
				CLANG_ANALYZER_NONNULL = YES;
				CLANG_ANALYZER_NUMBER_OBJECT_CONVERSION = YES_AGGRESSIVE;
				CLANG_CXX_LANGUAGE_STANDARD = "gnu++20";
				CLANG_ENABLE_MODULES = YES;
				CLANG_ENABLE_OBJC_ARC = YES;
				CLANG_ENABLE_OBJC_WEAK = YES;
				CLANG_WARN_BLOCK_CAPTURE_AUTORELEASING = YES;
				CLANG_WARN_BOOL_CONVERSION = YES;
				CLANG_WARN_COMMA = YES;
				CLANG_WARN_CONSTANT_CONVERSION = YES;
				CLANG_WARN_DEPRECATED_OBJC_IMPLEMENTATIONS = YES;
				CLANG_WARN_DIRECT_OBJC_ISA_USAGE = YES_ERROR;
				CLANG_WARN_DOCUMENTATION_COMMENTS = YES;
				CLANG_WARN_EMPTY_BODY = YES;
				CLANG_WARN_ENUM_CONVERSION = YES;
				CLANG_WARN_INFINITE_RECURSION = YES;
				CLANG_WARN_INT_CONVERSION = YES;
				CLANG_WARN_NON_LITERAL_NULL_CONVERSION = YES;
				CLANG_WARN_OBJC_IMPLICIT_RETAIN_SELF = YES;
				CLANG_WARN_OBJC_LITERAL_CONVERSION = YES;
				CLANG_WARN_OBJC_ROOT_CLASS = YES_ERROR;
				CLANG_WARN_QUOTED_INCLUDE_IN_FRAMEWORK_HEADER = YES;
				CLANG_WARN_RANGE_LOOP_ANALYSIS = YES;
				CLANG_WARN_STRICT_PROTOTYPES = YES;
				CLANG_WARN_SUSPICIOUS_MOVE = YES;
				CLANG_WARN_UNGUARDED_AVAILABILITY = YES_AGGRESSIVE;
				CLANG_WARN_UNREACHABLE_CODE = YES;
				CLANG_WARN__DUPLICATE_METHOD_MATCH = YES;
				COPY_PHASE_STRIP = NO;
				DEBUG_INFORMATION_FORMAT = dwarf;
				ENABLE_STRICT_OBJC_MSGSEND = YES;
				ENABLE_TESTABILITY = YES;
				GCC_C_LANGUAGE_STANDARD = gnu11;
				GCC_DYNAMIC_NO_PIC = NO;
				GCC_NO_COMMON_BLOCKS = YES;
				GCC_OPTIMIZATION_LEVEL = 0;
				GCC_PREPROCESSOR_DEFINITIONS = (
					"DEBUG=1",
					"$(inherited)",
				);
				GCC_WARN_64_TO_32_BIT_CONVERSION = YES;
				GCC_WARN_ABOUT_RETURN_TYPE = YES_ERROR;
				GCC_WARN_UNDECLARED_SELECTOR = YES;
				GCC_WARN_UNINITIALIZED_AUTOS = YES_AGGRESSIVE;
				GCC_WARN_UNUSED_FUNCTION = YES;
				GCC_WARN_UNUSED_VARIABLE = YES;
				MTL_ENABLE_DEBUG_INFO = INCLUDE_SOURCE;
				MTL_FAST_MATH = YES;
				ONLY_ACTIVE_ARCH = YES;
				SWIFT_ACTIVE_COMPILATION_CONDITIONS = DEBUG;
				SWIFT_OPTIMIZATION_LEVEL = "-Onone";
			};
			name = Debug;
		};
		72B5479E299D7B4B0023A1D1 /* Release */ = {
			isa = XCBuildConfiguration;
			buildSettings = {
				ALWAYS_SEARCH_USER_PATHS = NO;
				CLANG_ANALYZER_NONNULL = YES;
				CLANG_ANALYZER_NUMBER_OBJECT_CONVERSION = YES_AGGRESSIVE;
				CLANG_CXX_LANGUAGE_STANDARD = "gnu++20";
				CLANG_ENABLE_MODULES = YES;
				CLANG_ENABLE_OBJC_ARC = YES;
				CLANG_ENABLE_OBJC_WEAK = YES;
				CLANG_WARN_BLOCK_CAPTURE_AUTORELEASING = YES;
				CLANG_WARN_BOOL_CONVERSION = YES;
				CLANG_WARN_COMMA = YES;
				CLANG_WARN_CONSTANT_CONVERSION = YES;
				CLANG_WARN_DEPRECATED_OBJC_IMPLEMENTATIONS = YES;
				CLANG_WARN_DIRECT_OBJC_ISA_USAGE = YES_ERROR;
				CLANG_WARN_DOCUMENTATION_COMMENTS = YES;
				CLANG_WARN_EMPTY_BODY = YES;
				CLANG_WARN_ENUM_CONVERSION = YES;
				CLANG_WARN_INFINITE_RECURSION = YES;
				CLANG_WARN_INT_CONVERSION = YES;
				CLANG_WARN_NON_LITERAL_NULL_CONVERSION = YES;
				CLANG_WARN_OBJC_IMPLICIT_RETAIN_SELF = YES;
				CLANG_WARN_OBJC_LITERAL_CONVERSION = YES;
				CLANG_WARN_OBJC_ROOT_CLASS = YES_ERROR;
				CLANG_WARN_QUOTED_INCLUDE_IN_FRAMEWORK_HEADER = YES;
				CLANG_WARN_RANGE_LOOP_ANALYSIS = YES;
				CLANG_WARN_STRICT_PROTOTYPES = YES;
				CLANG_WARN_SUSPICIOUS_MOVE = YES;
				CLANG_WARN_UNGUARDED_AVAILABILITY = YES_AGGRESSIVE;
				CLANG_WARN_UNREACHABLE_CODE = YES;
				CLANG_WARN__DUPLICATE_METHOD_MATCH = YES;
				COPY_PHASE_STRIP = NO;
				DEBUG_INFORMATION_FORMAT = "dwarf-with-dsym";
				ENABLE_NS_ASSERTIONS = NO;
				ENABLE_STRICT_OBJC_MSGSEND = YES;
				GCC_C_LANGUAGE_STANDARD = gnu11;
				GCC_NO_COMMON_BLOCKS = YES;
				GCC_WARN_64_TO_32_BIT_CONVERSION = YES;
				GCC_WARN_ABOUT_RETURN_TYPE = YES_ERROR;
				GCC_WARN_UNDECLARED_SELECTOR = YES;
				GCC_WARN_UNINITIALIZED_AUTOS = YES_AGGRESSIVE;
				GCC_WARN_UNUSED_FUNCTION = YES;
				GCC_WARN_UNUSED_VARIABLE = YES;
				MTL_ENABLE_DEBUG_INFO = NO;
				MTL_FAST_MATH = YES;
				SWIFT_COMPILATION_MODE = wholemodule;
				SWIFT_OPTIMIZATION_LEVEL = "-O";
			};
			name = Release;
		};
		72B547A0299D7B4B0023A1D1 /* Debug */ = {
			isa = XCBuildConfiguration;
			buildSettings = {
				ASSETCATALOG_COMPILER_APPICON_NAME = AppIcon;
				ASSETCATALOG_COMPILER_GLOBAL_ACCENT_COLOR_NAME = AccentColor;
				CODE_SIGN_ENTITLEMENTS = expense_tracker/expense_tracker.entitlements;
				CODE_SIGN_STYLE = Automatic;
				CURRENT_PROJECT_VERSION = 1;
				DEVELOPMENT_ASSET_PATHS = "\"expense_tracker/Preview Content\"";
				ENABLE_PREVIEWS = YES;
				GENERATE_INFOPLIST_FILE = YES;
				"INFOPLIST_KEY_UIApplicationSceneManifest_Generation[sdk=iphoneos*]" = YES;
				"INFOPLIST_KEY_UIApplicationSceneManifest_Generation[sdk=iphonesimulator*]" = YES;
				"INFOPLIST_KEY_UIApplicationSupportsIndirectInputEvents[sdk=iphoneos*]" = YES;
				"INFOPLIST_KEY_UIApplicationSupportsIndirectInputEvents[sdk=iphonesimulator*]" = YES;
				"INFOPLIST_KEY_UILaunchScreen_Generation[sdk=iphoneos*]" = YES;
				"INFOPLIST_KEY_UILaunchScreen_Generation[sdk=iphonesimulator*]" = YES;
				"INFOPLIST_KEY_UIStatusBarStyle[sdk=iphoneos*]" = UIStatusBarStyleDefault;
				"INFOPLIST_KEY_UIStatusBarStyle[sdk=iphonesimulator*]" = UIStatusBarStyleDefault;
				INFOPLIST_KEY_UISupportedInterfaceOrientations_iPad = "UIInterfaceOrientationPortrait UIInterfaceOrientationPortraitUpsideDown UIInterfaceOrientationLandscapeLeft UIInterfaceOrientationLandscapeRight";
				INFOPLIST_KEY_UISupportedInterfaceOrientations_iPhone = "UIInterfaceOrientationPortrait UIInterfaceOrientationLandscapeLeft UIInterfaceOrientationLandscapeRight";
				IPHONEOS_DEPLOYMENT_TARGET = 16.2;
				LD_RUNPATH_SEARCH_PATHS = "@executable_path/Frameworks";
				"LD_RUNPATH_SEARCH_PATHS[sdk=macosx*]" = "@executable_path/../Frameworks";
				MACOSX_DEPLOYMENT_TARGET = 13.1;
				MARKETING_VERSION = 1.0;
				PRODUCT_BUNDLE_IDENTIFIER = "ab.expense-tracker";
				PRODUCT_NAME = "$(TARGET_NAME)";
				SDKROOT = auto;
				SUPPORTED_PLATFORMS = "iphoneos iphonesimulator macosx";
				SWIFT_EMIT_LOC_STRINGS = YES;
				SWIFT_VERSION = 5.0;
				TARGETED_DEVICE_FAMILY = "1,2";
			};
			name = Debug;
		};
		72B547A1299D7B4B0023A1D1 /* Release */ = {
			isa = XCBuildConfiguration;
			buildSettings = {
				ASSETCATALOG_COMPILER_APPICON_NAME = AppIcon;
				ASSETCATALOG_COMPILER_GLOBAL_ACCENT_COLOR_NAME = AccentColor;
				CODE_SIGN_ENTITLEMENTS = expense_tracker/expense_tracker.entitlements;
				CODE_SIGN_STYLE = Automatic;
				CURRENT_PROJECT_VERSION = 1;
				DEVELOPMENT_ASSET_PATHS = "\"expense_tracker/Preview Content\"";
				ENABLE_PREVIEWS = YES;
				GENERATE_INFOPLIST_FILE = YES;
				"INFOPLIST_KEY_UIApplicationSceneManifest_Generation[sdk=iphoneos*]" = YES;
				"INFOPLIST_KEY_UIApplicationSceneManifest_Generation[sdk=iphonesimulator*]" = YES;
				"INFOPLIST_KEY_UIApplicationSupportsIndirectInputEvents[sdk=iphoneos*]" = YES;
				"INFOPLIST_KEY_UIApplicationSupportsIndirectInputEvents[sdk=iphonesimulator*]" = YES;
				"INFOPLIST_KEY_UILaunchScreen_Generation[sdk=iphoneos*]" = YES;
				"INFOPLIST_KEY_UILaunchScreen_Generation[sdk=iphonesimulator*]" = YES;
				"INFOPLIST_KEY_UIStatusBarStyle[sdk=iphoneos*]" = UIStatusBarStyleDefault;
				"INFOPLIST_KEY_UIStatusBarStyle[sdk=iphonesimulator*]" = UIStatusBarStyleDefault;
				INFOPLIST_KEY_UISupportedInterfaceOrientations_iPad = "UIInterfaceOrientationPortrait UIInterfaceOrientationPortraitUpsideDown UIInterfaceOrientationLandscapeLeft UIInterfaceOrientationLandscapeRight";
				INFOPLIST_KEY_UISupportedInterfaceOrientations_iPhone = "UIInterfaceOrientationPortrait UIInterfaceOrientationLandscapeLeft UIInterfaceOrientationLandscapeRight";
				IPHONEOS_DEPLOYMENT_TARGET = 16.2;
				LD_RUNPATH_SEARCH_PATHS = "@executable_path/Frameworks";
				"LD_RUNPATH_SEARCH_PATHS[sdk=macosx*]" = "@executable_path/../Frameworks";
				MACOSX_DEPLOYMENT_TARGET = 13.1;
				MARKETING_VERSION = 1.0;
				PRODUCT_BUNDLE_IDENTIFIER = "ab.expense-tracker";
				PRODUCT_NAME = "$(TARGET_NAME)";
				SDKROOT = auto;
				SUPPORTED_PLATFORMS = "iphoneos iphonesimulator macosx";
				SWIFT_EMIT_LOC_STRINGS = YES;
				SWIFT_VERSION = 5.0;
				TARGETED_DEVICE_FAMILY = "1,2";
			};
			name = Release;
		};
		72B547A3299D7B4B0023A1D1 /* Debug */ = {
			isa = XCBuildConfiguration;
			buildSettings = {
				ALWAYS_EMBED_SWIFT_STANDARD_LIBRARIES = YES;
				BUNDLE_LOADER = "$(TEST_HOST)";
				CODE_SIGN_STYLE = Automatic;
				CURRENT_PROJECT_VERSION = 1;
				GENERATE_INFOPLIST_FILE = YES;
				IPHONEOS_DEPLOYMENT_TARGET = 16.2;
				MACOSX_DEPLOYMENT_TARGET = 13.1;
				MARKETING_VERSION = 1.0;
				PRODUCT_BUNDLE_IDENTIFIER = "ab.expense-trackerTests";
				PRODUCT_NAME = "$(TARGET_NAME)";
				SDKROOT = auto;
				SUPPORTED_PLATFORMS = "iphoneos iphonesimulator macosx";
				SWIFT_EMIT_LOC_STRINGS = NO;
				SWIFT_VERSION = 5.0;
				TARGETED_DEVICE_FAMILY = "1,2";
				TEST_HOST = "$(BUILT_PRODUCTS_DIR)/expense_tracker.app/$(BUNDLE_EXECUTABLE_FOLDER_PATH)/expense_tracker";
			};
			name = Debug;
		};
		72B547A4299D7B4B0023A1D1 /* Release */ = {
			isa = XCBuildConfiguration;
			buildSettings = {
				ALWAYS_EMBED_SWIFT_STANDARD_LIBRARIES = YES;
				BUNDLE_LOADER = "$(TEST_HOST)";
				CODE_SIGN_STYLE = Automatic;
				CURRENT_PROJECT_VERSION = 1;
				GENERATE_INFOPLIST_FILE = YES;
				IPHONEOS_DEPLOYMENT_TARGET = 16.2;
				MACOSX_DEPLOYMENT_TARGET = 13.1;
				MARKETING_VERSION = 1.0;
				PRODUCT_BUNDLE_IDENTIFIER = "ab.expense-trackerTests";
				PRODUCT_NAME = "$(TARGET_NAME)";
				SDKROOT = auto;
				SUPPORTED_PLATFORMS = "iphoneos iphonesimulator macosx";
				SWIFT_EMIT_LOC_STRINGS = NO;
				SWIFT_VERSION = 5.0;
				TARGETED_DEVICE_FAMILY = "1,2";
				TEST_HOST = "$(BUILT_PRODUCTS_DIR)/expense_tracker.app/$(BUNDLE_EXECUTABLE_FOLDER_PATH)/expense_tracker";
			};
			name = Release;
		};
		72B547A6299D7B4B0023A1D1 /* Debug */ = {
			isa = XCBuildConfiguration;
			buildSettings = {
				ALWAYS_EMBED_SWIFT_STANDARD_LIBRARIES = YES;
				CODE_SIGN_STYLE = Automatic;
				CURRENT_PROJECT_VERSION = 1;
				GENERATE_INFOPLIST_FILE = YES;
				IPHONEOS_DEPLOYMENT_TARGET = 16.2;
				MACOSX_DEPLOYMENT_TARGET = 13.1;
				MARKETING_VERSION = 1.0;
				PRODUCT_BUNDLE_IDENTIFIER = "ab.expense-trackerUITests";
				PRODUCT_NAME = "$(TARGET_NAME)";
				SDKROOT = auto;
				SUPPORTED_PLATFORMS = "iphoneos iphonesimulator macosx";
				SWIFT_EMIT_LOC_STRINGS = NO;
				SWIFT_VERSION = 5.0;
				TARGETED_DEVICE_FAMILY = "1,2";
				TEST_TARGET_NAME = expense_tracker;
			};
			name = Debug;
		};
		72B547A7299D7B4B0023A1D1 /* Release */ = {
			isa = XCBuildConfiguration;
			buildSettings = {
				ALWAYS_EMBED_SWIFT_STANDARD_LIBRARIES = YES;
				CODE_SIGN_STYLE = Automatic;
				CURRENT_PROJECT_VERSION = 1;
				GENERATE_INFOPLIST_FILE = YES;
				IPHONEOS_DEPLOYMENT_TARGET = 16.2;
				MACOSX_DEPLOYMENT_TARGET = 13.1;
				MARKETING_VERSION = 1.0;
				PRODUCT_BUNDLE_IDENTIFIER = "ab.expense-trackerUITests";
				PRODUCT_NAME = "$(TARGET_NAME)";
				SDKROOT = auto;
				SUPPORTED_PLATFORMS = "iphoneos iphonesimulator macosx";
				SWIFT_EMIT_LOC_STRINGS = NO;
				SWIFT_VERSION = 5.0;
				TARGETED_DEVICE_FAMILY = "1,2";
				TEST_TARGET_NAME = expense_tracker;
			};
			name = Release;
		};
/* End XCBuildConfiguration section */

/* Begin XCConfigurationList section */
		72B54775299D7B4A0023A1D1 /* Build configuration list for PBXProject "expense_tracker" */ = {
			isa = XCConfigurationList;
			buildConfigurations = (
				72B5479D299D7B4B0023A1D1 /* Debug */,
				72B5479E299D7B4B0023A1D1 /* Release */,
			);
			defaultConfigurationIsVisible = 0;
			defaultConfigurationName = Release;
		};
		72B5479F299D7B4B0023A1D1 /* Build configuration list for PBXNativeTarget "expense_tracker" */ = {
			isa = XCConfigurationList;
			buildConfigurations = (
				72B547A0299D7B4B0023A1D1 /* Debug */,
				72B547A1299D7B4B0023A1D1 /* Release */,
			);
			defaultConfigurationIsVisible = 0;
			defaultConfigurationName = Release;
		};
		72B547A2299D7B4B0023A1D1 /* Build configuration list for PBXNativeTarget "expense_trackerTests" */ = {
			isa = XCConfigurationList;
			buildConfigurations = (
				72B547A3299D7B4B0023A1D1 /* Debug */,
				72B547A4299D7B4B0023A1D1 /* Release */,
			);
			defaultConfigurationIsVisible = 0;
			defaultConfigurationName = Release;
		};
		72B547A5299D7B4B0023A1D1 /* Build configuration list for PBXNativeTarget "expense_trackerUITests" */ = {
			isa = XCConfigurationList;
			buildConfigurations = (
				72B547A6299D7B4B0023A1D1 /* Debug */,
				72B547A7299D7B4B0023A1D1 /* Release */,
			);
			defaultConfigurationIsVisible = 0;
			defaultConfigurationName = Release;
		};
/* End XCConfigurationList section */

/* Begin XCRemoteSwiftPackageReference section */
		7244D00A299ECE29007EEC49 /* XCRemoteSwiftPackageReference "swift-collections" */ = {
			isa = XCRemoteSwiftPackageReference;
			repositoryURL = "https://github.com/apple/swift-collections.git";
			requirement = {
				kind = upToNextMajorVersion;
				minimumVersion = 1.0.0;
			};
		};
		7244D011299ECF56007EEC49 /* XCRemoteSwiftPackageReference "ChartView" */ = {
			isa = XCRemoteSwiftPackageReference;
			repositoryURL = "https://github.com/AppPear/ChartView";
			requirement = {
				kind = exactVersion;
				version = "2.0.0-beta.2";
			};
		};
		727538AF299D960100E85DF8 /* XCRemoteSwiftPackageReference "SwiftUIFontIcon" */ = {
			isa = XCRemoteSwiftPackageReference;
			repositoryURL = "https://github.com/huybuidac/SwiftUIFontIcon";
			requirement = {
				kind = upToNextMajorVersion;
				minimumVersion = 2.0.0;
			};
		};
/* End XCRemoteSwiftPackageReference section */

/* Begin XCSwiftPackageProductDependency section */
		7244D00B299ECE29007EEC49 /* Collections */ = {
			isa = XCSwiftPackageProductDependency;
			package = 7244D00A299ECE29007EEC49 /* XCRemoteSwiftPackageReference "swift-collections" */;
			productName = Collections;
		};
		7244D00D299ECE29007EEC49 /* DequeModule */ = {
			isa = XCSwiftPackageProductDependency;
			package = 7244D00A299ECE29007EEC49 /* XCRemoteSwiftPackageReference "swift-collections" */;
			productName = DequeModule;
		};
		7244D00F299ECE29007EEC49 /* OrderedCollections */ = {
			isa = XCSwiftPackageProductDependency;
			package = 7244D00A299ECE29007EEC49 /* XCRemoteSwiftPackageReference "swift-collections" */;
			productName = OrderedCollections;
		};
		7244D012299ECF56007EEC49 /* SwiftUICharts */ = {
			isa = XCSwiftPackageProductDependency;
			package = 7244D011299ECF56007EEC49 /* XCRemoteSwiftPackageReference "ChartView" */;
			productName = SwiftUICharts;
		};
		727538B0299D960100E85DF8 /* SwiftUIFontIcon */ = {
			isa = XCSwiftPackageProductDependency;
			package = 727538AF299D960100E85DF8 /* XCRemoteSwiftPackageReference "SwiftUIFontIcon" */;
			productName = SwiftUIFontIcon;
		};
/* End XCSwiftPackageProductDependency section */
	};
	rootObject = 72B54772299D7B4A0023A1D1 /* Project object */;
}
